
Microsoft Visual Studio Solution File, Format Version 12.00
# Visual Studio 15
VisualStudioVersion = 15.0.28307.1831
MinimumVisualStudioVersion = 10.0.40219.1
Project("{FAE04EC0-301F-11D3-BF4B-00C04F79EFBC}") = "kalkulator", "kalkulator\kalkulator.csproj", "{1C7236A8-8411-48BA-8CFA-F88BC23F6474}"
EndProject
Global
	GlobalSection(SolutionConfigurationPlatforms) = preSolution
		Debug|Any CPU = Debug|Any CPU
		Release|Any CPU = Release|Any CPU
	EndGlobalSection
	GlobalSection(ProjectConfigurationPlatforms) = postSolution
		{1C7236A8-8411-48BA-8CFA-F88BC23F6474}.Debug|Any CPU.ActiveCfg = Debug|Any CPU
		{1C7236A8-8411-48BA-8CFA-F88BC23F6474}.Debug|Any CPU.Build.0 = Debug|Any CPU
		{1C7236A8-8411-48BA-8CFA-F88BC23F6474}.Release|Any CPU.ActiveCfg = Release|Any CPU
		{1C7236A8-8411-48BA-8CFA-F88BC23F6474}.Release|Any CPU.Build.0 = Release|Any CPU
	EndGlobalSection
	GlobalSection(SolutionProperties) = preSolution
		HideSolutionNode = FALSE
	EndGlobalSection
	GlobalSection(ExtensibilityGlobals) = postSolution
		SolutionGuid = {98B68474-C3DF-46C2-B9EF-067219A7F0B9}
	EndGlobalSection
EndGlobal
